// !$*UTF8*$!
{
	archiveVersion = 1;
	classes = {
	};
	objectVersion = 50;
	objects = {

/* Begin PBXBuildFile section */
		1E44328725D293630080B8A6 /* SwiftUIWebSocketChatApp.swift in Sources */ = {isa = PBXBuildFile; fileRef = 1E44328625D293630080B8A6 /* SwiftUIWebSocketChatApp.swift */; };
		1E44328925D293630080B8A6 /* ContentView.swift in Sources */ = {isa = PBXBuildFile; fileRef = 1E44328825D293630080B8A6 /* ContentView.swift */; };
		1E44328B25D293640080B8A6 /* Assets.xcassets in Resources */ = {isa = PBXBuildFile; fileRef = 1E44328A25D293640080B8A6 /* Assets.xcassets */; };
		1E44328E25D293640080B8A6 /* Preview Assets.xcassets in Resources */ = {isa = PBXBuildFile; fileRef = 1E44328D25D293640080B8A6 /* Preview Assets.xcassets */; };
		1E44329925D293640080B8A6 /* SwiftUIWebSocketChatTests.swift in Sources */ = {isa = PBXBuildFile; fileRef = 1E44329825D293640080B8A6 /* SwiftUIWebSocketChatTests.swift */; };
		1E4432A425D293640080B8A6 /* SwiftUIWebSocketChatUITests.swift in Sources */ = {isa = PBXBuildFile; fileRef = 1E4432A325D293640080B8A6 /* SwiftUIWebSocketChatUITests.swift */; };
/* End PBXBuildFile section */

/* Begin PBXContainerItemProxy section */
		1E44329525D293640080B8A6 /* PBXContainerItemProxy */ = {
			isa = PBXContainerItemProxy;
			containerPortal = 1E44327B25D293630080B8A6 /* Project object */;
			proxyType = 1;
			remoteGlobalIDString = 1E44328225D293630080B8A6;
			remoteInfo = SwiftUIWebSocketChat;
		};
		1E4432A025D293640080B8A6 /* PBXContainerItemProxy */ = {
			isa = PBXContainerItemProxy;
			containerPortal = 1E44327B25D293630080B8A6 /* Project object */;
			proxyType = 1;
			remoteGlobalIDString = 1E44328225D293630080B8A6;
			remoteInfo = SwiftUIWebSocketChat;
		};
/* End PBXContainerItemProxy section */

/* Begin PBXFileReference section */
		1E44328325D293630080B8A6 /* SwiftUIWebSocketChat.app */ = {isa = PBXFileReference; explicitFileType = wrapper.application; includeInIndex = 0; path = SwiftUIWebSocketChat.app; sourceTree = BUILT_PRODUCTS_DIR; };
		1E44328625D293630080B8A6 /* SwiftUIWebSocketChatApp.swift */ = {isa = PBXFileReference; lastKnownFileType = sourcecode.swift; path = SwiftUIWebSocketChatApp.swift; sourceTree = "<group>"; };
		1E44328825D293630080B8A6 /* ContentView.swift */ = {isa = PBXFileReference; lastKnownFileType = sourcecode.swift; path = ContentView.swift; sourceTree = "<group>"; };
		1E44328A25D293640080B8A6 /* Assets.xcassets */ = {isa = PBXFileReference; lastKnownFileType = folder.assetcatalog; path = Assets.xcassets; sourceTree = "<group>"; };
		1E44328D25D293640080B8A6 /* Preview Assets.xcassets */ = {isa = PBXFileReference; lastKnownFileType = folder.assetcatalog; path = "Preview Assets.xcassets"; sourceTree = "<group>"; };
		1E44328F25D293640080B8A6 /* Info.plist */ = {isa = PBXFileReference; lastKnownFileType = text.plist.xml; path = Info.plist; sourceTree = "<group>"; };
		1E44329425D293640080B8A6 /* SwiftUIWebSocketChatTests.xctest */ = {isa = PBXFileReference; explicitFileType = wrapper.cfbundle; includeInIndex = 0; path = SwiftUIWebSocketChatTests.xctest; sourceTree = BUILT_PRODUCTS_DIR; };
		1E44329825D293640080B8A6 /* SwiftUIWebSocketChatTests.swift */ = {isa = PBXFileReference; lastKnownFileType = sourcecode.swift; path = SwiftUIWebSocketChatTests.swift; sourceTree = "<group>"; };
		1E44329A25D293640080B8A6 /* Info.plist */ = {isa = PBXFileReference; lastKnownFileType = text.plist.xml; path = Info.plist; sourceTree = "<group>"; };
		1E44329F25D293640080B8A6 /* SwiftUIWebSocketChatUITests.xctest */ = {isa = PBXFileReference; explicitFileType = wrapper.cfbundle; includeInIndex = 0; path = SwiftUIWebSocketChatUITests.xctest; sourceTree = BUILT_PRODUCTS_DIR; };
		1E4432A325D293640080B8A6 /* SwiftUIWebSocketChatUITests.swift */ = {isa = PBXFileReference; lastKnownFileType = sourcecode.swift; path = SwiftUIWebSocketChatUITests.swift; sourceTree = "<group>"; };
		1E4432A525D293640080B8A6 /* Info.plist */ = {isa = PBXFileReference; lastKnownFileType = text.plist.xml; path = Info.plist; sourceTree = "<group>"; };
/* End PBXFileReference section */

/* Begin PBXFrameworksBuildPhase section */
		1E44328025D293630080B8A6 /* Frameworks */ = {
			isa = PBXFrameworksBuildPhase;
			buildActionMask = 2147483647;
			files = (
			);
			runOnlyForDeploymentPostprocessing = 0;
		};
		1E44329125D293640080B8A6 /* Frameworks */ = {
			isa = PBXFrameworksBuildPhase;
			buildActionMask = 2147483647;
			files = (
			);
			runOnlyForDeploymentPostprocessing = 0;
		};
		1E44329C25D293640080B8A6 /* Frameworks */ = {
			isa = PBXFrameworksBuildPhase;
			buildActionMask = 2147483647;
			files = (
			);
			runOnlyForDeploymentPostprocessing = 0;
		};
/* End PBXFrameworksBuildPhase section */

/* Begin PBXGroup section */
		1E44327A25D293630080B8A6 = {
			isa = PBXGroup;
			children = (
				1E44328525D293630080B8A6 /* SwiftUIWebSocketChat */,
				1E44329725D293640080B8A6 /* SwiftUIWebSocketChatTests */,
				1E4432A225D293640080B8A6 /* SwiftUIWebSocketChatUITests */,
				1E44328425D293630080B8A6 /* Products */,
			);
			sourceTree = "<group>";
		};
		1E44328425D293630080B8A6 /* Products */ = {
			isa = PBXGroup;
			children = (
				1E44328325D293630080B8A6 /* SwiftUIWebSocketChat.app */,
				1E44329425D293640080B8A6 /* SwiftUIWebSocketChatTests.xctest */,
				1E44329F25D293640080B8A6 /* SwiftUIWebSocketChatUITests.xctest */,
			);
			name = Products;
			sourceTree = "<group>";
		};
		1E44328525D293630080B8A6 /* SwiftUIWebSocketChat */ = {
			isa = PBXGroup;
			children = (
				1E44328625D293630080B8A6 /* SwiftUIWebSocketChatApp.swift */,
				1E44328825D293630080B8A6 /* ContentView.swift */,
				1E44328A25D293640080B8A6 /* Assets.xcassets */,
				1E44328F25D293640080B8A6 /* Info.plist */,
				1E44328C25D293640080B8A6 /* Preview Content */,
			);
			path = SwiftUIWebSocketChat;
			sourceTree = "<group>";
		};
		1E44328C25D293640080B8A6 /* Preview Content */ = {
			isa = PBXGroup;
			children = (
				1E44328D25D293640080B8A6 /* Preview Assets.xcassets */,
			);
			path = "Preview Content";
			sourceTree = "<group>";
		};
		1E44329725D293640080B8A6 /* SwiftUIWebSocketChatTests */ = {
			isa = PBXGroup;
			children = (
				1E44329825D293640080B8A6 /* SwiftUIWebSocketChatTests.swift */,
				1E44329A25D293640080B8A6 /* Info.plist */,
			);
			path = SwiftUIWebSocketChatTests;
			sourceTree = "<group>";
		};
		1E4432A225D293640080B8A6 /* SwiftUIWebSocketChatUITests */ = {
			isa = PBXGroup;
			children = (
				1E4432A325D293640080B8A6 /* SwiftUIWebSocketChatUITests.swift */,
				1E4432A525D293640080B8A6 /* Info.plist */,
			);
			path = SwiftUIWebSocketChatUITests;
			sourceTree = "<group>";
		};
/* End PBXGroup section */

/* Begin PBXNativeTarget section */
		1E44328225D293630080B8A6 /* SwiftUIWebSocketChat */ = {
			isa = PBXNativeTarget;
			buildConfigurationList = 1E4432A825D293640080B8A6 /* Build configuration list for PBXNativeTarget "SwiftUIWebSocketChat" */;
			buildPhases = (
				1E44327F25D293630080B8A6 /* Sources */,
				1E44328025D293630080B8A6 /* Frameworks */,
				1E44328125D293630080B8A6 /* Resources */,
			);
			buildRules = (
			);
			dependencies = (
			);
			name = SwiftUIWebSocketChat;
			productName = SwiftUIWebSocketChat;
			productReference = 1E44328325D293630080B8A6 /* SwiftUIWebSocketChat.app */;
			productType = "com.apple.product-type.application";
		};
		1E44329325D293640080B8A6 /* SwiftUIWebSocketChatTests */ = {
			isa = PBXNativeTarget;
			buildConfigurationList = 1E4432AB25D293640080B8A6 /* Build configuration list for PBXNativeTarget "SwiftUIWebSocketChatTests" */;
			buildPhases = (
				1E44329025D293640080B8A6 /* Sources */,
				1E44329125D293640080B8A6 /* Frameworks */,
				1E44329225D293640080B8A6 /* Resources */,
			);
			buildRules = (
			);
			dependencies = (
				1E44329625D293640080B8A6 /* PBXTargetDependency */,
			);
			name = SwiftUIWebSocketChatTests;
			productName = SwiftUIWebSocketChatTests;
			productReference = 1E44329425D293640080B8A6 /* SwiftUIWebSocketChatTests.xctest */;
			productType = "com.apple.product-type.bundle.unit-test";
		};
		1E44329E25D293640080B8A6 /* SwiftUIWebSocketChatUITests */ = {
			isa = PBXNativeTarget;
			buildConfigurationList = 1E4432AE25D293640080B8A6 /* Build configuration list for PBXNativeTarget "SwiftUIWebSocketChatUITests" */;
			buildPhases = (
				1E44329B25D293640080B8A6 /* Sources */,
				1E44329C25D293640080B8A6 /* Frameworks */,
				1E44329D25D293640080B8A6 /* Resources */,
			);
			buildRules = (
			);
			dependencies = (
				1E4432A125D293640080B8A6 /* PBXTargetDependency */,
			);
			name = SwiftUIWebSocketChatUITests;
			productName = SwiftUIWebSocketChatUITests;
			productReference = 1E44329F25D293640080B8A6 /* SwiftUIWebSocketChatUITests.xctest */;
			productType = "com.apple.product-type.bundle.ui-testing";
		};
/* End PBXNativeTarget section */

/* Begin PBXProject section */
		1E44327B25D293630080B8A6 /* Project object */ = {
			isa = PBXProject;
			attributes = {
				LastSwiftUpdateCheck = 1230;
				LastUpgradeCheck = 1230;
				TargetAttributes = {
					1E44328225D293630080B8A6 = {
						CreatedOnToolsVersion = 12.3;
					};
					1E44329325D293640080B8A6 = {
						CreatedOnToolsVersion = 12.3;
						TestTargetID = 1E44328225D293630080B8A6;
					};
					1E44329E25D293640080B8A6 = {
						CreatedOnToolsVersion = 12.3;
						TestTargetID = 1E44328225D293630080B8A6;
					};
				};
			};
			buildConfigurationList = 1E44327E25D293630080B8A6 /* Build configuration list for PBXProject "SwiftUIWebSocketChat" */;
			compatibilityVersion = "Xcode 9.3";
			developmentRegion = en;
			hasScannedForEncodings = 0;
			knownRegions = (
				en,
				Base,
			);
			mainGroup = 1E44327A25D293630080B8A6;
			productRefGroup = 1E44328425D293630080B8A6 /* Products */;
			projectDirPath = "";
			projectRoot = "";
			targets = (
				1E44328225D293630080B8A6 /* SwiftUIWebSocketChat */,
				1E44329325D293640080B8A6 /* SwiftUIWebSocketChatTests */,
				1E44329E25D293640080B8A6 /* SwiftUIWebSocketChatUITests */,
			);
		};
/* End PBXProject section */

/* Begin PBXResourcesBuildPhase section */
		1E44328125D293630080B8A6 /* Resources */ = {
			isa = PBXResourcesBuildPhase;
			buildActionMask = 2147483647;
			files = (
				1E44328E25D293640080B8A6 /* Preview Assets.xcassets in Resources */,
				1E44328B25D293640080B8A6 /* Assets.xcassets in Resources */,
			);
			runOnlyForDeploymentPostprocessing = 0;
		};
		1E44329225D293640080B8A6 /* Resources */ = {
			isa = PBXResourcesBuildPhase;
			buildActionMask = 2147483647;
			files = (
			);
			runOnlyForDeploymentPostprocessing = 0;
		};
		1E44329D25D293640080B8A6 /* Resources */ = {
			isa = PBXResourcesBuildPhase;
			buildActionMask = 2147483647;
			files = (
			);
			runOnlyForDeploymentPostprocessing = 0;
		};
/* End PBXResourcesBuildPhase section */

/* Begin PBXSourcesBuildPhase section */
		1E44327F25D293630080B8A6 /* Sources */ = {
			isa = PBXSourcesBuildPhase;
			buildActionMask = 2147483647;
			files = (
				1E44328925D293630080B8A6 /* ContentView.swift in Sources */,
				1E44328725D293630080B8A6 /* SwiftUIWebSocketChatApp.swift in Sources */,
			);
			runOnlyForDeploymentPostprocessing = 0;
		};
		1E44329025D293640080B8A6 /* Sources */ = {
			isa = PBXSourcesBuildPhase;
			buildActionMask = 2147483647;
			files = (
				1E44329925D293640080B8A6 /* SwiftUIWebSocketChatTests.swift in Sources */,
			);
			runOnlyForDeploymentPostprocessing = 0;
		};
		1E44329B25D293640080B8A6 /* Sources */ = {
			isa = PBXSourcesBuildPhase;
			buildActionMask = 2147483647;
			files = (
				1E4432A425D293640080B8A6 /* SwiftUIWebSocketChatUITests.swift in Sources */,
			);
			runOnlyForDeploymentPostprocessing = 0;
		};
/* End PBXSourcesBuildPhase section */

/* Begin PBXTargetDependency section */
		1E44329625D293640080B8A6 /* PBXTargetDependency */ = {
			isa = PBXTargetDependency;
			target = 1E44328225D293630080B8A6 /* SwiftUIWebSocketChat */;
			targetProxy = 1E44329525D293640080B8A6 /* PBXContainerItemProxy */;
		};
		1E4432A125D293640080B8A6 /* PBXTargetDependency */ = {
			isa = PBXTargetDependency;
			target = 1E44328225D293630080B8A6 /* SwiftUIWebSocketChat */;
			targetProxy = 1E4432A025D293640080B8A6 /* PBXContainerItemProxy */;
		};
/* End PBXTargetDependency section */

/* Begin XCBuildConfiguration section */
		1E4432A625D293640080B8A6 /* Debug */ = {
			isa = XCBuildConfiguration;
			buildSettings = {
				ALWAYS_SEARCH_USER_PATHS = NO;
				CLANG_ANALYZER_NONNULL = YES;
				CLANG_ANALYZER_NUMBER_OBJECT_CONVERSION = YES_AGGRESSIVE;
				CLANG_CXX_LANGUAGE_STANDARD = "gnu++14";
				CLANG_CXX_LIBRARY = "libc++";
				CLANG_ENABLE_MODULES = YES;
				CLANG_ENABLE_OBJC_ARC = YES;
				CLANG_ENABLE_OBJC_WEAK = YES;
				CLANG_WARN_BLOCK_CAPTURE_AUTORELEASING = YES;
				CLANG_WARN_BOOL_CONVERSION = YES;
				CLANG_WARN_COMMA = YES;
				CLANG_WARN_CONSTANT_CONVERSION = YES;
				CLANG_WARN_DEPRECATED_OBJC_IMPLEMENTATIONS = YES;
				CLANG_WARN_DIRECT_OBJC_ISA_USAGE = YES_ERROR;
				CLANG_WARN_DOCUMENTATION_COMMENTS = YES;
				CLANG_WARN_EMPTY_BODY = YES;
				CLANG_WARN_ENUM_CONVERSION = YES;
				CLANG_WARN_INFINITE_RECURSION = YES;
				CLANG_WARN_INT_CONVERSION = YES;
				CLANG_WARN_NON_LITERAL_NULL_CONVERSION = YES;
				CLANG_WARN_OBJC_IMPLICIT_RETAIN_SELF = YES;
				CLANG_WARN_OBJC_LITERAL_CONVERSION = YES;
				CLANG_WARN_OBJC_ROOT_CLASS = YES_ERROR;
				CLANG_WARN_QUOTED_INCLUDE_IN_FRAMEWORK_HEADER = YES;
				CLANG_WARN_RANGE_LOOP_ANALYSIS = YES;
				CLANG_WARN_STRICT_PROTOTYPES = YES;
				CLANG_WARN_SUSPICIOUS_MOVE = YES;
				CLANG_WARN_UNGUARDED_AVAILABILITY = YES_AGGRESSIVE;
				CLANG_WARN_UNREACHABLE_CODE = YES;
				CLANG_WARN__DUPLICATE_METHOD_MATCH = YES;
				COPY_PHASE_STRIP = NO;
				DEBUG_INFORMATION_FORMAT = dwarf;
				ENABLE_STRICT_OBJC_MSGSEND = YES;
				ENABLE_TESTABILITY = YES;
				GCC_C_LANGUAGE_STANDARD = gnu11;
				GCC_DYNAMIC_NO_PIC = NO;
				GCC_NO_COMMON_BLOCKS = YES;
				GCC_OPTIMIZATION_LEVEL = 0;
				GCC_PREPROCESSOR_DEFINITIONS = (
					"DEBUG=1",
					"$(inherited)",
				);
				GCC_WARN_64_TO_32_BIT_CONVERSION = YES;
				GCC_WARN_ABOUT_RETURN_TYPE = YES_ERROR;
				GCC_WARN_UNDECLARED_SELECTOR = YES;
				GCC_WARN_UNINITIALIZED_AUTOS = YES_AGGRESSIVE;
				GCC_WARN_UNUSED_FUNCTION = YES;
				GCC_WARN_UNUSED_VARIABLE = YES;
				IPHONEOS_DEPLOYMENT_TARGET = 14.3;
				MTL_ENABLE_DEBUG_INFO = INCLUDE_SOURCE;
				MTL_FAST_MATH = YES;
				ONLY_ACTIVE_ARCH = YES;
				SDKROOT = iphoneos;
				SWIFT_ACTIVE_COMPILATION_CONDITIONS = DEBUG;
				SWIFT_OPTIMIZATION_LEVEL = "-Onone";
			};
			name = Debug;
		};
		1E4432A725D293640080B8A6 /* Release */ = {
			isa = XCBuildConfiguration;
			buildSettings = {
				ALWAYS_SEARCH_USER_PATHS = NO;
				CLANG_ANALYZER_NONNULL = YES;
				CLANG_ANALYZER_NUMBER_OBJECT_CONVERSION = YES_AGGRESSIVE;
				CLANG_CXX_LANGUAGE_STANDARD = "gnu++14";
				CLANG_CXX_LIBRARY = "libc++";
				CLANG_ENABLE_MODULES = YES;
				CLANG_ENABLE_OBJC_ARC = YES;
				CLANG_ENABLE_OBJC_WEAK = YES;
				CLANG_WARN_BLOCK_CAPTURE_AUTORELEASING = YES;
				CLANG_WARN_BOOL_CONVERSION = YES;
				CLANG_WARN_COMMA = YES;
				CLANG_WARN_CONSTANT_CONVERSION = YES;
				CLANG_WARN_DEPRECATED_OBJC_IMPLEMENTATIONS = YES;
				CLANG_WARN_DIRECT_OBJC_ISA_USAGE = YES_ERROR;
				CLANG_WARN_DOCUMENTATION_COMMENTS = YES;
				CLANG_WARN_EMPTY_BODY = YES;
				CLANG_WARN_ENUM_CONVERSION = YES;
				CLANG_WARN_INFINITE_RECURSION = YES;
				CLANG_WARN_INT_CONVERSION = YES;
				CLANG_WARN_NON_LITERAL_NULL_CONVERSION = YES;
				CLANG_WARN_OBJC_IMPLICIT_RETAIN_SELF = YES;
				CLANG_WARN_OBJC_LITERAL_CONVERSION = YES;
				CLANG_WARN_OBJC_ROOT_CLASS = YES_ERROR;
				CLANG_WARN_QUOTED_INCLUDE_IN_FRAMEWORK_HEADER = YES;
				CLANG_WARN_RANGE_LOOP_ANALYSIS = YES;
				CLANG_WARN_STRICT_PROTOTYPES = YES;
				CLANG_WARN_SUSPICIOUS_MOVE = YES;
				CLANG_WARN_UNGUARDED_AVAILABILITY = YES_AGGRESSIVE;
				CLANG_WARN_UNREACHABLE_CODE = YES;
				CLANG_WARN__DUPLICATE_METHOD_MATCH = YES;
				COPY_PHASE_STRIP = NO;
				DEBUG_INFORMATION_FORMAT = "dwarf-with-dsym";
				ENABLE_NS_ASSERTIONS = NO;
				ENABLE_STRICT_OBJC_MSGSEND = YES;
				GCC_C_LANGUAGE_STANDARD = gnu11;
				GCC_NO_COMMON_BLOCKS = YES;
				GCC_WARN_64_TO_32_BIT_CONVERSION = YES;
				GCC_WARN_ABOUT_RETURN_TYPE = YES_ERROR;
				GCC_WARN_UNDECLARED_SELECTOR = YES;
				GCC_WARN_UNINITIALIZED_AUTOS = YES_AGGRESSIVE;
				GCC_WARN_UNUSED_FUNCTION = YES;
				GCC_WARN_UNUSED_VARIABLE = YES;
				IPHONEOS_DEPLOYMENT_TARGET = 14.3;
				MTL_ENABLE_DEBUG_INFO = NO;
				MTL_FAST_MATH = YES;
				SDKROOT = iphoneos;
				SWIFT_COMPILATION_MODE = wholemodule;
				SWIFT_OPTIMIZATION_LEVEL = "-O";
				VALIDATE_PRODUCT = YES;
			};
			name = Release;
		};
		1E4432A925D293640080B8A6 /* Debug */ = {
			isa = XCBuildConfiguration;
			buildSettings = {
				ASSETCATALOG_COMPILER_APPICON_NAME = AppIcon;
				ASSETCATALOG_COMPILER_GLOBAL_ACCENT_COLOR_NAME = AccentColor;
				CODE_SIGN_STYLE = Automatic;
				DEVELOPMENT_ASSET_PATHS = "\"SwiftUIWebSocketChat/Preview Content\"";
				DEVELOPMENT_TEAM = P67QP7Z567;
				ENABLE_PREVIEWS = YES;
				INFOPLIST_FILE = SwiftUIWebSocketChat/Info.plist;
				IPHONEOS_DEPLOYMENT_TARGET = 14.0;
				LD_RUNPATH_SEARCH_PATHS = (
					"$(inherited)",
					"@executable_path/Frameworks",
				);
				PRODUCT_BUNDLE_IDENTIFIER = tokyoyoshida.app.SwiftUIWebSocketChat;
				PRODUCT_NAME = "$(TARGET_NAME)";
				SWIFT_VERSION = 5.0;
				TARGETED_DEVICE_FAMILY = "1,2";
			};
			name = Debug;
		};
		1E4432AA25D293640080B8A6 /* Release */ = {
			isa = XCBuildConfiguration;
			buildSettings = {
				ASSETCATALOG_COMPILER_APPICON_NAME = AppIcon;
				ASSETCATALOG_COMPILER_GLOBAL_ACCENT_COLOR_NAME = AccentColor;
				CODE_SIGN_STYLE = Automatic;
				DEVELOPMENT_ASSET_PATHS = "\"SwiftUIWebSocketChat/Preview Content\"";
				DEVELOPMENT_TEAM = P67QP7Z567;
				ENABLE_PREVIEWS = YES;
				INFOPLIST_FILE = SwiftUIWebSocketChat/Info.plist;
				IPHONEOS_DEPLOYMENT_TARGET = 14.0;
				LD_RUNPATH_SEARCH_PATHS = (
					"$(inherited)",
					"@executable_path/Frameworks",
				);
				PRODUCT_BUNDLE_IDENTIFIER = tokyoyoshida.app.SwiftUIWebSocketChat;
				PRODUCT_NAME = "$(TARGET_NAME)";
				SWIFT_VERSION = 5.0;
				TARGETED_DEVICE_FAMILY = "1,2";
			};
			name = Release;
		};
		1E4432AC25D293640080B8A6 /* Debug */ = {
			isa = XCBuildConfiguration;
			buildSettings = {
				ALWAYS_EMBED_SWIFT_STANDARD_LIBRARIES = YES;
				BUNDLE_LOADER = "$(TEST_HOST)";
				CODE_SIGN_STYLE = Automatic;
				DEVELOPMENT_TEAM = P67QP7Z567;
				INFOPLIST_FILE = SwiftUIWebSocketChatTests/Info.plist;
				IPHONEOS_DEPLOYMENT_TARGET = 14.0;
				LD_RUNPATH_SEARCH_PATHS = (
					"$(inherited)",
					"@executable_path/Frameworks",
					"@loader_path/Frameworks",
				);
				PRODUCT_BUNDLE_IDENTIFIER = tokyoyoshida.app.SwiftUIWebSocketChatTests;
				PRODUCT_NAME = "$(TARGET_NAME)";
				SWIFT_VERSION = 5.0;
				TARGETED_DEVICE_FAMILY = "1,2";
				TEST_HOST = "$(BUILT_PRODUCTS_DIR)/SwiftUIWebSocketChat.app/SwiftUIWebSocketChat";
			};
			name = Debug;
		};
		1E4432AD25D293640080B8A6 /* Release */ = {
			isa = XCBuildConfiguration;
			buildSettings = {
				ALWAYS_EMBED_SWIFT_STANDARD_LIBRARIES = YES;
				BUNDLE_LOADER = "$(TEST_HOST)";
				CODE_SIGN_STYLE = Automatic;
				DEVELOPMENT_TEAM = P67QP7Z567;
				INFOPLIST_FILE = SwiftUIWebSocketChatTests/Info.plist;
				IPHONEOS_DEPLOYMENT_TARGET = 14.0;
				LD_RUNPATH_SEARCH_PATHS = (
					"$(inherited)",
					"@executable_path/Frameworks",
					"@loader_path/Frameworks",
				);
				PRODUCT_BUNDLE_IDENTIFIER = tokyoyoshida.app.SwiftUIWebSocketChatTests;
				PRODUCT_NAME = "$(TARGET_NAME)";
				SWIFT_VERSION = 5.0;
				TARGETED_DEVICE_FAMILY = "1,2";
				TEST_HOST = "$(BUILT_PRODUCTS_DIR)/SwiftUIWebSocketChat.app/SwiftUIWebSocketChat";
			};
			name = Release;
		};
		1E4432AF25D293640080B8A6 /* Debug */ = {
			isa = XCBuildConfiguration;
			buildSettings = {
				ALWAYS_EMBED_SWIFT_STANDARD_LIBRARIES = YES;
				CODE_SIGN_STYLE = Automatic;
				DEVELOPMENT_TEAM = P67QP7Z567;
				INFOPLIST_FILE = SwiftUIWebSocketChatUITests/Info.plist;
				LD_RUNPATH_SEARCH_PATHS = (
					"$(inherited)",
					"@executable_path/Frameworks",
					"@loader_path/Frameworks",
				);
				PRODUCT_BUNDLE_IDENTIFIER = tokyoyoshida.app.SwiftUIWebSocketChatUITests;
				PRODUCT_NAME = "$(TARGET_NAME)";
				SWIFT_VERSION = 5.0;
				TARGETED_DEVICE_FAMILY = "1,2";
				TEST_TARGET_NAME = SwiftUIWebSocketChat;
			};
			name = Debug;
		};
		1E4432B025D293640080B8A6 /* Release */ = {
			isa = XCBuildConfiguration;
			buildSettings = {
				ALWAYS_EMBED_SWIFT_STANDARD_LIBRARIES = YES;
				CODE_SIGN_STYLE = Automatic;
				DEVELOPMENT_TEAM = P67QP7Z567;
				INFOPLIST_FILE = SwiftUIWebSocketChatUITests/Info.plist;
				LD_RUNPATH_SEARCH_PATHS = (
					"$(inherited)",
					"@executable_path/Frameworks",
					"@loader_path/Frameworks",
				);
				PRODUCT_BUNDLE_IDENTIFIER = tokyoyoshida.app.SwiftUIWebSocketChatUITests;
				PRODUCT_NAME = "$(TARGET_NAME)";
				SWIFT_VERSION = 5.0;
				TARGETED_DEVICE_FAMILY = "1,2";
				TEST_TARGET_NAME = SwiftUIWebSocketChat;
			};
			name = Release;
		};
/* End XCBuildConfiguration section */

/* Begin XCConfigurationList section */
		1E44327E25D293630080B8A6 /* Build configuration list for PBXProject "SwiftUIWebSocketChat" */ = {
			isa = XCConfigurationList;
			buildConfigurations = (
				1E4432A625D293640080B8A6 /* Debug */,
				1E4432A725D293640080B8A6 /* Release */,
			);
			defaultConfigurationIsVisible = 0;
			defaultConfigurationName = Release;
		};
		1E4432A825D293640080B8A6 /* Build configuration list for PBXNativeTarget "SwiftUIWebSocketChat" */ = {
			isa = XCConfigurationList;
			buildConfigurations = (
				1E4432A925D293640080B8A6 /* Debug */,
				1E4432AA25D293640080B8A6 /* Release */,
			);
			defaultConfigurationIsVisible = 0;
			defaultConfigurationName = Release;
		};
		1E4432AB25D293640080B8A6 /* Build configuration list for PBXNativeTarget "SwiftUIWebSocketChatTests" */ = {
			isa = XCConfigurationList;
			buildConfigurations = (
				1E4432AC25D293640080B8A6 /* Debug */,
				1E4432AD25D293640080B8A6 /* Release */,
			);
			defaultConfigurationIsVisible = 0;
			defaultConfigurationName = Release;
		};
		1E4432AE25D293640080B8A6 /* Build configuration list for PBXNativeTarget "SwiftUIWebSocketChatUITests" */ = {
			isa = XCConfigurationList;
			buildConfigurations = (
				1E4432AF25D293640080B8A6 /* Debug */,
				1E4432B025D293640080B8A6 /* Release */,
			);
			defaultConfigurationIsVisible = 0;
			defaultConfigurationName = Release;
		};
/* End XCConfigurationList section */
	};
	rootObject = 1E44327B25D293630080B8A6 /* Project object */;
}
